
Microsoft Visual Studio Solution File, Format Version 12.00
# Visual Studio Version 16
VisualStudioVersion = 16.0.30717.126
MinimumVisualStudioVersion = 10.0.40219.1
Project("{9A19103F-16F7-4668-BE54-9A1E7A4F7556}") = "Vanilla", "Vanilla.csproj", "{3783C53D-45A1-44D1-A40F-083C7DB5C5C8}"
EndProject
Global
	GlobalSection(SolutionConfigurationPlatforms) = preSolution
		Debug|Any CPU = Debug|Any CPU
		Release|Any CPU = Release|Any CPU
	EndGlobalSection
	GlobalSection(ProjectConfigurationPlatforms) = postSolution
		{3783C53D-45A1-44D1-A40F-083C7DB5C5C8}.Debug|Any CPU.ActiveCfg = Debug|Any CPU
		{3783C53D-45A1-44D1-A40F-083C7DB5C5C8}.Debug|Any CPU.Build.0 = Debug|Any CPU
		{3783C53D-45A1-44D1-A40F-083C7DB5C5C8}.Release|Any CPU.ActiveCfg = Release|Any CPU
		{3783C53D-45A1-44D1-A40F-083C7DB5C5C8}.Release|Any CPU.Build.0 = Release|Any CPU
	EndGlobalSection
	GlobalSection(SolutionProperties) = preSolution
		HideSolutionNode = FALSE
	EndGlobalSection
	GlobalSection(ExtensibilityGlobals) = postSolution
		SolutionGuid = {141B1DB2-84CE-4E1B-BDEF-C8CE4C31C47B}
	EndGlobalSection
EndGlobal
